
Microsoft Visual Studio Solution File, Format Version 12.00
Project("{FAE04EC0-301F-11D3-BF4B-00C04F79EFBC}") = "RecipeApp", "RecipeApp\RecipeApp.csproj", "{B1909AA4-E84A-4EE9-83A7-326559F7A34F}"
EndProject
Global
	GlobalSection(SolutionConfigurationPlatforms) = preSolution
		Debug|Any CPU = Debug|Any CPU
		Release|Any CPU = Release|Any CPU
	EndGlobalSection
	GlobalSection(ProjectConfigurationPlatforms) = postSolution
		{B1909AA4-E84A-4EE9-83A7-326559F7A34F}.Debug|Any CPU.ActiveCfg = Debug|Any CPU
		{B1909AA4-E84A-4EE9-83A7-326559F7A34F}.Debug|Any CPU.Build.0 = Debug|Any CPU
		{B1909AA4-E84A-4EE9-83A7-326559F7A34F}.Release|Any CPU.ActiveCfg = Release|Any CPU
		{B1909AA4-E84A-4EE9-83A7-326559F7A34F}.Release|Any CPU.Build.0 = Release|Any CPU
	EndGlobalSection
EndGlobal
